
Microsoft Visual Studio Solution File, Format Version 12.00
# Visual Studio Version 17
VisualStudioVersion = 17.14.36109.1 d17.14
MinimumVisualStudioVersion = 10.0.40219.1
Project("{FAE04EC0-301F-11D3-BF4B-00C04F79EFBC}") = "ClassExample31", "ClassExample31.csproj", "{4B438250-D086-404D-B09C-3F30A86F6119}"
EndProject
Global
	GlobalSection(SolutionConfigurationPlatforms) = preSolution
		Debug|Any CPU = Debug|Any CPU
		Release|Any CPU = Release|Any CPU
	EndGlobalSection
	GlobalSection(ProjectConfigurationPlatforms) = postSolution
		{4B438250-D086-404D-B09C-3F30A86F6119}.Debug|Any CPU.ActiveCfg = Debug|Any CPU
		{4B438250-D086-404D-B09C-3F30A86F6119}.Debug|Any CPU.Build.0 = Debug|Any CPU
		{4B438250-D086-404D-B09C-3F30A86F6119}.Release|Any CPU.ActiveCfg = Release|Any CPU
		{4B438250-D086-404D-B09C-3F30A86F6119}.Release|Any CPU.Build.0 = Release|Any CPU
	EndGlobalSection
	GlobalSection(SolutionProperties) = preSolution
		HideSolutionNode = FALSE
	EndGlobalSection
	GlobalSection(ExtensibilityGlobals) = postSolution
		SolutionGuid = {67567580-8AB1-4F34-9730-16C496BA4358}
	EndGlobalSection
EndGlobal
